
Microsoft Visual Studio Solution File, Format Version 12.00
# Visual Studio Version 16
VisualStudioVersion = 16.0.30907.101
MinimumVisualStudioVersion = 10.0.40219.1
Project("{FAE04EC0-301F-11D3-BF4B-00C04F79EFBC}") = "QMUI.Forms", "QMUI\QMUI.Forms.csproj", "{BC6CECF8-642D-419D-8BC8-DED6DB88A9A3}"
EndProject
Project("{FAE04EC0-301F-11D3-BF4B-00C04F79EFBC}") = "QMUI.Droid", "QMUI.Droid\QMUI.Droid.csproj", "{8C223B6C-C3CB-4DEC-A04E-BFCC5896CC3B}"
EndProject
Project("{FAE04EC0-301F-11D3-BF4B-00C04F79EFBC}") = "QMUI.iOS", "QMUI.iOS\QMUI.iOS.csproj", "{90C42D88-C8EA-484F-8058-DE5AEE45BFAC}"
EndProject
Global
	GlobalSection(SolutionConfigurationPlatforms) = preSolution
		Debug|Any CPU = Debug|Any CPU
		Release|Any CPU = Release|Any CPU
	EndGlobalSection
	GlobalSection(ProjectConfigurationPlatforms) = postSolution
		{BC6CECF8-642D-419D-8BC8-DED6DB88A9A3}.Debug|Any CPU.ActiveCfg = Debug|Any CPU
		{BC6CECF8-642D-419D-8BC8-DED6DB88A9A3}.Debug|Any CPU.Build.0 = Debug|Any CPU
		{BC6CECF8-642D-419D-8BC8-DED6DB88A9A3}.Release|Any CPU.ActiveCfg = Release|Any CPU
		{BC6CECF8-642D-419D-8BC8-DED6DB88A9A3}.Release|Any CPU.Build.0 = Release|Any CPU
		{8C223B6C-C3CB-4DEC-A04E-BFCC5896CC3B}.Debug|Any CPU.ActiveCfg = Debug|Any CPU
		{8C223B6C-C3CB-4DEC-A04E-BFCC5896CC3B}.Debug|Any CPU.Build.0 = Debug|Any CPU
		{8C223B6C-C3CB-4DEC-A04E-BFCC5896CC3B}.Release|Any CPU.ActiveCfg = Release|Any CPU
		{8C223B6C-C3CB-4DEC-A04E-BFCC5896CC3B}.Release|Any CPU.Build.0 = Release|Any CPU
		{90C42D88-C8EA-484F-8058-DE5AEE45BFAC}.Debug|Any CPU.ActiveCfg = Debug|Any CPU
		{90C42D88-C8EA-484F-8058-DE5AEE45BFAC}.Debug|Any CPU.Build.0 = Debug|Any CPU
		{90C42D88-C8EA-484F-8058-DE5AEE45BFAC}.Release|Any CPU.ActiveCfg = Release|Any CPU
		{90C42D88-C8EA-484F-8058-DE5AEE45BFAC}.Release|Any CPU.Build.0 = Release|Any CPU
	EndGlobalSection
	GlobalSection(SolutionProperties) = preSolution
		HideSolutionNode = FALSE
	EndGlobalSection
	GlobalSection(ExtensibilityGlobals) = postSolution
		SolutionGuid = {2C8D6BB2-D421-4A38-97E2-F4DACC88EE1C}
	EndGlobalSection
EndGlobal
